
Microsoft Visual Studio Solution File, Format Version 12.00
# Visual Studio Version 17
VisualStudioVersion = 17.9.34723.18
MinimumVisualStudioVersion = 10.0.40219.1
Project("{FAE04EC0-301F-11D3-BF4B-00C04F79EFBC}") = "MVCController", "MVCController\MVCController.csproj", "{AA8B53ED-6201-4E99-84EC-2A6465067581}"
EndProject
Global
	GlobalSection(SolutionConfigurationPlatforms) = preSolution
		Debug|Any CPU = Debug|Any CPU
		Release|Any CPU = Release|Any CPU
	EndGlobalSection
	GlobalSection(ProjectConfigurationPlatforms) = postSolution
		{AA8B53ED-6201-4E99-84EC-2A6465067581}.Debug|Any CPU.ActiveCfg = Debug|Any CPU
		{AA8B53ED-6201-4E99-84EC-2A6465067581}.Debug|Any CPU.Build.0 = Debug|Any CPU
		{AA8B53ED-6201-4E99-84EC-2A6465067581}.Release|Any CPU.ActiveCfg = Release|Any CPU
		{AA8B53ED-6201-4E99-84EC-2A6465067581}.Release|Any CPU.Build.0 = Release|Any CPU
	EndGlobalSection
	GlobalSection(SolutionProperties) = preSolution
		HideSolutionNode = FALSE
	EndGlobalSection
	GlobalSection(ExtensibilityGlobals) = postSolution
		SolutionGuid = {3EF1BBDA-477F-4C23-B846-139A2F989EE4}
	EndGlobalSection
EndGlobal
